// !$*UTF8*$!
{
	archiveVersion = 1;
	classes = {
	};
	objectVersion = 50;
	objects = {

/* Begin PBXBuildFile section */
		7552A342372B4AA6B756644F /* Pods_CurrencyConverterTests.framework in Frameworks */ = {isa = PBXBuildFile; fileRef = ED40151F55776EC1D1B64B2F /* Pods_CurrencyConverterTests.framework */; };
		762802BE21C24F4600918F5D /* Converter.storyboard in Resources */ = {isa = PBXBuildFile; fileRef = 762802BD21C24F4500918F5D /* Converter.storyboard */; };
		762802C021C24F5400918F5D /* ConverterViewController.swift in Sources */ = {isa = PBXBuildFile; fileRef = 762802BF21C24F5400918F5D /* ConverterViewController.swift */; };
		762802C321C2527200918F5D /* AppContainer.swift in Sources */ = {isa = PBXBuildFile; fileRef = 762802C221C2527200918F5D /* AppContainer.swift */; };
		762802C521C2527C00918F5D /* AppRouter.swift in Sources */ = {isa = PBXBuildFile; fileRef = 762802C421C2527C00918F5D /* AppRouter.swift */; };
		762802C721C2528700918F5D /* ConverterBuilder.swift in Sources */ = {isa = PBXBuildFile; fileRef = 762802C621C2528700918F5D /* ConverterBuilder.swift */; };
		762802D021C258CC00918F5D /* Credentials.swift in Sources */ = {isa = PBXBuildFile; fileRef = 762802CF21C258CC00918F5D /* Credentials.swift */; };
		762802D221C25B7F00918F5D /* LatestRatesService.swift in Sources */ = {isa = PBXBuildFile; fileRef = 762802D121C25B7F00918F5D /* LatestRatesService.swift */; };
		762802D521C25BAB00918F5D /* RequestHelper.swift in Sources */ = {isa = PBXBuildFile; fileRef = 762802D421C25BAB00918F5D /* RequestHelper.swift */; };
		762802D721C25C1F00918F5D /* Result.swift in Sources */ = {isa = PBXBuildFile; fileRef = 762802D621C25C1F00918F5D /* Result.swift */; };
		762802DB21C2636000918F5D /* LatestRatesResponse.swift in Sources */ = {isa = PBXBuildFile; fileRef = 762802DA21C2636000918F5D /* LatestRatesResponse.swift */; };
		762802DD21C265BD00918F5D /* Currency.swift in Sources */ = {isa = PBXBuildFile; fileRef = 762802DC21C265BD00918F5D /* Currency.swift */; };
		7656AC6821C24BFA00A93A50 /* AppDelegate.swift in Sources */ = {isa = PBXBuildFile; fileRef = 7656AC6721C24BFA00A93A50 /* AppDelegate.swift */; };
		7656AC7021C24BFA00A93A50 /* CurrencyConverter.xcdatamodeld in Sources */ = {isa = PBXBuildFile; fileRef = 7656AC6E21C24BFA00A93A50 /* CurrencyConverter.xcdatamodeld */; };
		7656AC7221C24BFB00A93A50 /* Assets.xcassets in Resources */ = {isa = PBXBuildFile; fileRef = 7656AC7121C24BFB00A93A50 /* Assets.xcassets */; };
		7656AC7521C24BFB00A93A50 /* LaunchScreen.storyboard in Resources */ = {isa = PBXBuildFile; fileRef = 7656AC7321C24BFB00A93A50 /* LaunchScreen.storyboard */; };
		7656AC8021C24BFB00A93A50 /* CurrencyConverterTests.swift in Sources */ = {isa = PBXBuildFile; fileRef = 7656AC7F21C24BFB00A93A50 /* CurrencyConverterTests.swift */; };
		7656AC8B21C24BFB00A93A50 /* CurrencyConverterUITests.swift in Sources */ = {isa = PBXBuildFile; fileRef = 7656AC8A21C24BFB00A93A50 /* CurrencyConverterUITests.swift */; };
		7667FB1121D2AE6C005F5815 /* CoreDataHelper.swift in Sources */ = {isa = PBXBuildFile; fileRef = 7667FB1021D2AE6C005F5815 /* CoreDataHelper.swift */; };
		7667FB1321D2B50F005F5815 /* Rate.swift in Sources */ = {isa = PBXBuildFile; fileRef = 7667FB1221D2B50F005F5815 /* Rate.swift */; };
		768204BE21CBBE07007FDE58 /* countries.json in Resources */ = {isa = PBXBuildFile; fileRef = 768204BD21CBBE07007FDE58 /* countries.json */; };
		768204C221CBBEC7007FDE58 /* CountriesResponse.swift in Sources */ = {isa = PBXBuildFile; fileRef = 768204C121CBBEC7007FDE58 /* CountriesResponse.swift */; };
		768204C421CBBF3A007FDE58 /* Country.swift in Sources */ = {isa = PBXBuildFile; fileRef = 768204C321CBBF3A007FDE58 /* Country.swift */; };
		768204C621CBC063007FDE58 /* CountriesService.swift in Sources */ = {isa = PBXBuildFile; fileRef = 768204C521CBC063007FDE58 /* CountriesService.swift */; };
		768204C821CBC179007FDE58 /* ResourceLoader.swift in Sources */ = {isa = PBXBuildFile; fileRef = 768204C721CBC179007FDE58 /* ResourceLoader.swift */; };
		768204CA21CBC330007FDE58 /* CountryListTests.swift in Sources */ = {isa = PBXBuildFile; fileRef = 768204C921CBC330007FDE58 /* CountryListTests.swift */; };
		76A9BE9E21D1573900EDE271 /* CurrencyListCell.swift in Sources */ = {isa = PBXBuildFile; fileRef = 76A9BE9D21D1573900EDE271 /* CurrencyListCell.swift */; };
		76A9BEA021D158C900EDE271 /* CurrencyListHeaderView.swift in Sources */ = {isa = PBXBuildFile; fileRef = 76A9BE9F21D158C900EDE271 /* CurrencyListHeaderView.swift */; };
		76A9BEA221D1647A00EDE271 /* UIViewController+Extension.swift in Sources */ = {isa = PBXBuildFile; fileRef = 76A9BEA121D1647A00EDE271 /* UIViewController+Extension.swift */; };
		76B7378821D13F1600C61107 /* UINavigationBar+Extension.swift in Sources */ = {isa = PBXBuildFile; fileRef = 76B7378721D13F1600C61107 /* UINavigationBar+Extension.swift */; };
		76B7378921D1417E00C61107 /* CurrencyListViewController.swift in Sources */ = {isa = PBXBuildFile; fileRef = 76D9CE4E21C4452A00592523 /* CurrencyListViewController.swift */; };
		76C8958421CB93B500D581E7 /* CurrencyListPresentation.swift in Sources */ = {isa = PBXBuildFile; fileRef = 76C8958321CB93B500D581E7 /* CurrencyListPresentation.swift */; };
		76D9CE4721C4280E00592523 /* ConverterViewModel.swift in Sources */ = {isa = PBXBuildFile; fileRef = 76D9CE4621C4280E00592523 /* ConverterViewModel.swift */; };
		76D9CE4921C4284F00592523 /* ConverterContracts.swift in Sources */ = {isa = PBXBuildFile; fileRef = 76D9CE4821C4284F00592523 /* ConverterContracts.swift */; };
		76D9CE4C21C42E2200592523 /* ConverterPresentation.swift in Sources */ = {isa = PBXBuildFile; fileRef = 76D9CE4B21C42E2200592523 /* ConverterPresentation.swift */; };
		76D9CE4F21C4452A00592523 /* CurrencyListViewController.swift in Sources */ = {isa = PBXBuildFile; fileRef = 76D9CE4E21C4452A00592523 /* CurrencyListViewController.swift */; };
		76D9CE5121C4453800592523 /* CurrencyListBuilder.swift in Sources */ = {isa = PBXBuildFile; fileRef = 76D9CE5021C4453800592523 /* CurrencyListBuilder.swift */; };
		76D9CE5321C4454200592523 /* CurrencyListViewModel.swift in Sources */ = {isa = PBXBuildFile; fileRef = 76D9CE5221C4454200592523 /* CurrencyListViewModel.swift */; };
		76D9CE5521C4455400592523 /* CurrencyList.storyboard in Resources */ = {isa = PBXBuildFile; fileRef = 76D9CE5421C4455400592523 /* CurrencyList.storyboard */; };
		76D9CE5721C4456A00592523 /* CurrencyListContracts.swift in Sources */ = {isa = PBXBuildFile; fileRef = 76D9CE5621C4456A00592523 /* CurrencyListContracts.swift */; };
		76EA5D9B21C6D9F000D14A38 /* UIColor+Extension.swift in Sources */ = {isa = PBXBuildFile; fileRef = 76EA5D9A21C6D9F000D14A38 /* UIColor+Extension.swift */; };
		7DAA357B9EC206B449934EAB /* Pods_CurrencyConverter.framework in Frameworks */ = {isa = PBXBuildFile; fileRef = 7AE77FF29DCF6D5E86DE933E /* Pods_CurrencyConverter.framework */; };
		85013AC78F63BFA2E7D423E7 /* Pods_CurrencyConverterUITests.framework in Frameworks */ = {isa = PBXBuildFile; fileRef = 7E935929570821CD73D98DEE /* Pods_CurrencyConverterUITests.framework */; };
/* End PBXBuildFile section */

/* Begin PBXContainerItemProxy section */
		7656AC7C21C24BFB00A93A50 /* PBXContainerItemProxy */ = {
			isa = PBXContainerItemProxy;
			containerPortal = 7656AC5C21C24BFA00A93A50 /* Project object */;
			proxyType = 1;
			remoteGlobalIDString = 7656AC6321C24BFA00A93A50;
			remoteInfo = CurrencyConverter;
		};
		7656AC8721C24BFB00A93A50 /* PBXContainerItemProxy */ = {
			isa = PBXContainerItemProxy;
			containerPortal = 7656AC5C21C24BFA00A93A50 /* Project object */;
			proxyType = 1;
			remoteGlobalIDString = 7656AC6321C24BFA00A93A50;
			remoteInfo = CurrencyConverter;
		};
/* End PBXContainerItemProxy section */

/* Begin PBXFileReference section */
		07C708933B654D4F91D7E781 /* Pods-CurrencyConverter.debug.xcconfig */ = {isa = PBXFileReference; includeInIndex = 1; lastKnownFileType = text.xcconfig; name = "Pods-CurrencyConverter.debug.xcconfig"; path = "Pods/Target Support Files/Pods-CurrencyConverter/Pods-CurrencyConverter.debug.xcconfig"; sourceTree = "<group>"; };
		4EA3C669F9EE9F860125E84B /* Pods-CurrencyConverterUITests.debug.xcconfig */ = {isa = PBXFileReference; includeInIndex = 1; lastKnownFileType = text.xcconfig; name = "Pods-CurrencyConverterUITests.debug.xcconfig"; path = "Pods/Target Support Files/Pods-CurrencyConverterUITests/Pods-CurrencyConverterUITests.debug.xcconfig"; sourceTree = "<group>"; };
		566AA8FAB1D1FC16EA27725F /* Pods-CurrencyConverterTests.release.xcconfig */ = {isa = PBXFileReference; includeInIndex = 1; lastKnownFileType = text.xcconfig; name = "Pods-CurrencyConverterTests.release.xcconfig"; path = "Pods/Target Support Files/Pods-CurrencyConverterTests/Pods-CurrencyConverterTests.release.xcconfig"; sourceTree = "<group>"; };
		762802BD21C24F4500918F5D /* Converter.storyboard */ = {isa = PBXFileReference; lastKnownFileType = file.storyboard; path = Converter.storyboard; sourceTree = "<group>"; };
		762802BF21C24F5400918F5D /* ConverterViewController.swift */ = {isa = PBXFileReference; lastKnownFileType = sourcecode.swift; path = ConverterViewController.swift; sourceTree = "<group>"; };
		762802C221C2527200918F5D /* AppContainer.swift */ = {isa = PBXFileReference; lastKnownFileType = sourcecode.swift; path = AppContainer.swift; sourceTree = "<group>"; };
		762802C421C2527C00918F5D /* AppRouter.swift */ = {isa = PBXFileReference; lastKnownFileType = sourcecode.swift; path = AppRouter.swift; sourceTree = "<group>"; };
		762802C621C2528700918F5D /* ConverterBuilder.swift */ = {isa = PBXFileReference; lastKnownFileType = sourcecode.swift; path = ConverterBuilder.swift; sourceTree = "<group>"; };
		762802CF21C258CC00918F5D /* Credentials.swift */ = {isa = PBXFileReference; lastKnownFileType = sourcecode.swift; path = Credentials.swift; sourceTree = "<group>"; };
		762802D121C25B7F00918F5D /* LatestRatesService.swift */ = {isa = PBXFileReference; lastKnownFileType = sourcecode.swift; path = LatestRatesService.swift; sourceTree = "<group>"; };
		762802D421C25BAB00918F5D /* RequestHelper.swift */ = {isa = PBXFileReference; lastKnownFileType = sourcecode.swift; path = RequestHelper.swift; sourceTree = "<group>"; };
		762802D621C25C1F00918F5D /* Result.swift */ = {isa = PBXFileReference; lastKnownFileType = sourcecode.swift; path = Result.swift; sourceTree = "<group>"; };
		762802DA21C2636000918F5D /* LatestRatesResponse.swift */ = {isa = PBXFileReference; lastKnownFileType = sourcecode.swift; path = LatestRatesResponse.swift; sourceTree = "<group>"; };
		762802DC21C265BD00918F5D /* Currency.swift */ = {isa = PBXFileReference; lastKnownFileType = sourcecode.swift; path = Currency.swift; sourceTree = "<group>"; };
		7656AC6421C24BFA00A93A50 /* CurrencyConverter.app */ = {isa = PBXFileReference; explicitFileType = wrapper.application; includeInIndex = 0; path = CurrencyConverter.app; sourceTree = BUILT_PRODUCTS_DIR; };
		7656AC6721C24BFA00A93A50 /* AppDelegate.swift */ = {isa = PBXFileReference; lastKnownFileType = sourcecode.swift; path = AppDelegate.swift; sourceTree = "<group>"; };
		7656AC6F21C24BFA00A93A50 /* CurrencyConverter.xcdatamodel */ = {isa = PBXFileReference; lastKnownFileType = wrapper.xcdatamodel; path = CurrencyConverter.xcdatamodel; sourceTree = "<group>"; };
		7656AC7121C24BFB00A93A50 /* Assets.xcassets */ = {isa = PBXFileReference; lastKnownFileType = folder.assetcatalog; path = Assets.xcassets; sourceTree = "<group>"; };
		7656AC7421C24BFB00A93A50 /* Base */ = {isa = PBXFileReference; lastKnownFileType = file.storyboard; name = Base; path = Base.lproj/LaunchScreen.storyboard; sourceTree = "<group>"; };
		7656AC7621C24BFB00A93A50 /* Info.plist */ = {isa = PBXFileReference; lastKnownFileType = text.plist.xml; path = Info.plist; sourceTree = "<group>"; };
		7656AC7B21C24BFB00A93A50 /* CurrencyConverterTests.xctest */ = {isa = PBXFileReference; explicitFileType = wrapper.cfbundle; includeInIndex = 0; path = CurrencyConverterTests.xctest; sourceTree = BUILT_PRODUCTS_DIR; };
		7656AC7F21C24BFB00A93A50 /* CurrencyConverterTests.swift */ = {isa = PBXFileReference; lastKnownFileType = sourcecode.swift; path = CurrencyConverterTests.swift; sourceTree = "<group>"; };
		7656AC8121C24BFB00A93A50 /* Info.plist */ = {isa = PBXFileReference; lastKnownFileType = text.plist.xml; path = Info.plist; sourceTree = "<group>"; };
		7656AC8621C24BFB00A93A50 /* CurrencyConverterUITests.xctest */ = {isa = PBXFileReference; explicitFileType = wrapper.cfbundle; includeInIndex = 0; path = CurrencyConverterUITests.xctest; sourceTree = BUILT_PRODUCTS_DIR; };
		7656AC8A21C24BFB00A93A50 /* CurrencyConverterUITests.swift */ = {isa = PBXFileReference; lastKnownFileType = sourcecode.swift; path = CurrencyConverterUITests.swift; sourceTree = "<group>"; };
		7656AC8C21C24BFB00A93A50 /* Info.plist */ = {isa = PBXFileReference; lastKnownFileType = text.plist.xml; path = Info.plist; sourceTree = "<group>"; };
		7667FB1021D2AE6C005F5815 /* CoreDataHelper.swift */ = {isa = PBXFileReference; lastKnownFileType = sourcecode.swift; path = CoreDataHelper.swift; sourceTree = "<group>"; };
		7667FB1221D2B50F005F5815 /* Rate.swift */ = {isa = PBXFileReference; lastKnownFileType = sourcecode.swift; path = Rate.swift; sourceTree = "<group>"; };
		768204BD21CBBE07007FDE58 /* countries.json */ = {isa = PBXFileReference; fileEncoding = 4; lastKnownFileType = text.json; path = countries.json; sourceTree = "<group>"; };
		768204C121CBBEC7007FDE58 /* CountriesResponse.swift */ = {isa = PBXFileReference; lastKnownFileType = sourcecode.swift; path = CountriesResponse.swift; sourceTree = "<group>"; };
		768204C321CBBF3A007FDE58 /* Country.swift */ = {isa = PBXFileReference; lastKnownFileType = sourcecode.swift; path = Country.swift; sourceTree = "<group>"; };
		768204C521CBC063007FDE58 /* CountriesService.swift */ = {isa = PBXFileReference; lastKnownFileType = sourcecode.swift; path = CountriesService.swift; sourceTree = "<group>"; };
		768204C721CBC179007FDE58 /* ResourceLoader.swift */ = {isa = PBXFileReference; lastKnownFileType = sourcecode.swift; path = ResourceLoader.swift; sourceTree = "<group>"; };
		768204C921CBC330007FDE58 /* CountryListTests.swift */ = {isa = PBXFileReference; lastKnownFileType = sourcecode.swift; path = CountryListTests.swift; sourceTree = "<group>"; };
		76A9BE9D21D1573900EDE271 /* CurrencyListCell.swift */ = {isa = PBXFileReference; lastKnownFileType = sourcecode.swift; path = CurrencyListCell.swift; sourceTree = "<group>"; };
		76A9BE9F21D158C900EDE271 /* CurrencyListHeaderView.swift */ = {isa = PBXFileReference; lastKnownFileType = sourcecode.swift; path = CurrencyListHeaderView.swift; sourceTree = "<group>"; };
		76A9BEA121D1647A00EDE271 /* UIViewController+Extension.swift */ = {isa = PBXFileReference; lastKnownFileType = sourcecode.swift; path = "UIViewController+Extension.swift"; sourceTree = "<group>"; };
		76B7378721D13F1600C61107 /* UINavigationBar+Extension.swift */ = {isa = PBXFileReference; lastKnownFileType = sourcecode.swift; path = "UINavigationBar+Extension.swift"; sourceTree = "<group>"; };
		76C8958321CB93B500D581E7 /* CurrencyListPresentation.swift */ = {isa = PBXFileReference; lastKnownFileType = sourcecode.swift; path = CurrencyListPresentation.swift; sourceTree = "<group>"; };
		76D9CE4621C4280E00592523 /* ConverterViewModel.swift */ = {isa = PBXFileReference; lastKnownFileType = sourcecode.swift; path = ConverterViewModel.swift; sourceTree = "<group>"; };
		76D9CE4821C4284F00592523 /* ConverterContracts.swift */ = {isa = PBXFileReference; lastKnownFileType = sourcecode.swift; path = ConverterContracts.swift; sourceTree = "<group>"; };
		76D9CE4B21C42E2200592523 /* ConverterPresentation.swift */ = {isa = PBXFileReference; lastKnownFileType = sourcecode.swift; path = ConverterPresentation.swift; sourceTree = "<group>"; };
		76D9CE4E21C4452A00592523 /* CurrencyListViewController.swift */ = {isa = PBXFileReference; lastKnownFileType = sourcecode.swift; path = CurrencyListViewController.swift; sourceTree = "<group>"; };
		76D9CE5021C4453800592523 /* CurrencyListBuilder.swift */ = {isa = PBXFileReference; lastKnownFileType = sourcecode.swift; path = CurrencyListBuilder.swift; sourceTree = "<group>"; };
		76D9CE5221C4454200592523 /* CurrencyListViewModel.swift */ = {isa = PBXFileReference; lastKnownFileType = sourcecode.swift; path = CurrencyListViewModel.swift; sourceTree = "<group>"; };
		76D9CE5421C4455400592523 /* CurrencyList.storyboard */ = {isa = PBXFileReference; lastKnownFileType = file.storyboard; path = CurrencyList.storyboard; sourceTree = "<group>"; };
		76D9CE5621C4456A00592523 /* CurrencyListContracts.swift */ = {isa = PBXFileReference; lastKnownFileType = sourcecode.swift; path = CurrencyListContracts.swift; sourceTree = "<group>"; };
		76EA5D9A21C6D9F000D14A38 /* UIColor+Extension.swift */ = {isa = PBXFileReference; lastKnownFileType = sourcecode.swift; path = "UIColor+Extension.swift"; sourceTree = "<group>"; };
		7AE77FF29DCF6D5E86DE933E /* Pods_CurrencyConverter.framework */ = {isa = PBXFileReference; explicitFileType = wrapper.framework; includeInIndex = 0; path = Pods_CurrencyConverter.framework; sourceTree = BUILT_PRODUCTS_DIR; };
		7E935929570821CD73D98DEE /* Pods_CurrencyConverterUITests.framework */ = {isa = PBXFileReference; explicitFileType = wrapper.framework; includeInIndex = 0; path = Pods_CurrencyConverterUITests.framework; sourceTree = BUILT_PRODUCTS_DIR; };
		A6F520DC85D9030DB33B220F /* Pods-CurrencyConverterTests.debug.xcconfig */ = {isa = PBXFileReference; includeInIndex = 1; lastKnownFileType = text.xcconfig; name = "Pods-CurrencyConverterTests.debug.xcconfig"; path = "Pods/Target Support Files/Pods-CurrencyConverterTests/Pods-CurrencyConverterTests.debug.xcconfig"; sourceTree = "<group>"; };
		AB7E048D1D3C39DE774AD327 /* Pods-CurrencyConverter.release.xcconfig */ = {isa = PBXFileReference; includeInIndex = 1; lastKnownFileType = text.xcconfig; name = "Pods-CurrencyConverter.release.xcconfig"; path = "Pods/Target Support Files/Pods-CurrencyConverter/Pods-CurrencyConverter.release.xcconfig"; sourceTree = "<group>"; };
		ED40151F55776EC1D1B64B2F /* Pods_CurrencyConverterTests.framework */ = {isa = PBXFileReference; explicitFileType = wrapper.framework; includeInIndex = 0; path = Pods_CurrencyConverterTests.framework; sourceTree = BUILT_PRODUCTS_DIR; };
		FC3179144FF6DC678E43D184 /* Pods-CurrencyConverterUITests.release.xcconfig */ = {isa = PBXFileReference; includeInIndex = 1; lastKnownFileType = text.xcconfig; name = "Pods-CurrencyConverterUITests.release.xcconfig"; path = "Pods/Target Support Files/Pods-CurrencyConverterUITests/Pods-CurrencyConverterUITests.release.xcconfig"; sourceTree = "<group>"; };
/* End PBXFileReference section */

/* Begin PBXFrameworksBuildPhase section */
		7656AC6121C24BFA00A93A50 /* Frameworks */ = {
			isa = PBXFrameworksBuildPhase;
			buildActionMask = 2147483647;
			files = (
				7DAA357B9EC206B449934EAB /* Pods_CurrencyConverter.framework in Frameworks */,
			);
			runOnlyForDeploymentPostprocessing = 0;
		};
		7656AC7821C24BFB00A93A50 /* Frameworks */ = {
			isa = PBXFrameworksBuildPhase;
			buildActionMask = 2147483647;
			files = (
				7552A342372B4AA6B756644F /* Pods_CurrencyConverterTests.framework in Frameworks */,
			);
			runOnlyForDeploymentPostprocessing = 0;
		};
		7656AC8321C24BFB00A93A50 /* Frameworks */ = {
			isa = PBXFrameworksBuildPhase;
			buildActionMask = 2147483647;
			files = (
				85013AC78F63BFA2E7D423E7 /* Pods_CurrencyConverterUITests.framework in Frameworks */,
			);
			runOnlyForDeploymentPostprocessing = 0;
		};
/* End PBXFrameworksBuildPhase section */

/* Begin PBXGroup section */
		4CC360C5D58E91A9BE253010 /* Pods */ = {
			isa = PBXGroup;
			children = (
				07C708933B654D4F91D7E781 /* Pods-CurrencyConverter.debug.xcconfig */,
				AB7E048D1D3C39DE774AD327 /* Pods-CurrencyConverter.release.xcconfig */,
				A6F520DC85D9030DB33B220F /* Pods-CurrencyConverterTests.debug.xcconfig */,
				566AA8FAB1D1FC16EA27725F /* Pods-CurrencyConverterTests.release.xcconfig */,
				4EA3C669F9EE9F860125E84B /* Pods-CurrencyConverterUITests.debug.xcconfig */,
				FC3179144FF6DC678E43D184 /* Pods-CurrencyConverterUITests.release.xcconfig */,
			);
			name = Pods;
			sourceTree = "<group>";
		};
		762802C121C2526800918F5D /* App */ = {
			isa = PBXGroup;
			children = (
				7656AC6721C24BFA00A93A50 /* AppDelegate.swift */,
				762802C221C2527200918F5D /* AppContainer.swift */,
				762802C421C2527C00918F5D /* AppRouter.swift */,
			);
			path = App;
			sourceTree = "<group>";
		};
		762802C821C2528E00918F5D /* Converter */ = {
			isa = PBXGroup;
			children = (
				762802C621C2528700918F5D /* ConverterBuilder.swift */,
				762802BF21C24F5400918F5D /* ConverterViewController.swift */,
				76D9CE4621C4280E00592523 /* ConverterViewModel.swift */,
				76D9CE4821C4284F00592523 /* ConverterContracts.swift */,
				762802BD21C24F4500918F5D /* Converter.storyboard */,
			);
			path = Converter;
			sourceTree = "<group>";
		};
		762802C921C2529500918F5D /* Scenes */ = {
			isa = PBXGroup;
			children = (
				762802C821C2528E00918F5D /* Converter */,
				76D9CE4D21C4451700592523 /* CurrencyList */,
			);
			path = Scenes;
			sourceTree = "<group>";
		};
		762802CC21C257CF00918F5D /* Resources */ = {
			isa = PBXGroup;
			children = (
				768204BD21CBBE07007FDE58 /* countries.json */,
				7656AC7121C24BFB00A93A50 /* Assets.xcassets */,
			);
			path = Resources;
			sourceTree = "<group>";
		};
		762802CD21C257D800918F5D /* Supporting Files */ = {
			isa = PBXGroup;
			children = (
				7656AC7321C24BFB00A93A50 /* LaunchScreen.storyboard */,
				7656AC7621C24BFB00A93A50 /* Info.plist */,
				7656AC6E21C24BFA00A93A50 /* CurrencyConverter.xcdatamodeld */,
			);
			path = "Supporting Files";
			sourceTree = "<group>";
		};
		762802CE21C2586500918F5D /* API */ = {
			isa = PBXGroup;
			children = (
				762802CF21C258CC00918F5D /* Credentials.swift */,
				762802D421C25BAB00918F5D /* RequestHelper.swift */,
				7667FB1021D2AE6C005F5815 /* CoreDataHelper.swift */,
				762802D621C25C1F00918F5D /* Result.swift */,
				76D9CE4A21C4295700592523 /* Presentations */,
				762802D921C2634800918F5D /* DTOs */,
				762802D821C2634300918F5D /* Responses */,
				762802D321C25B8900918F5D /* Services */,
			);
			path = API;
			sourceTree = "<group>";
		};
		762802D321C25B8900918F5D /* Services */ = {
			isa = PBXGroup;
			children = (
				762802D121C25B7F00918F5D /* LatestRatesService.swift */,
				768204C521CBC063007FDE58 /* CountriesService.swift */,
			);
			path = Services;
			sourceTree = "<group>";
		};
		762802D821C2634300918F5D /* Responses */ = {
			isa = PBXGroup;
			children = (
				762802DA21C2636000918F5D /* LatestRatesResponse.swift */,
				768204C121CBBEC7007FDE58 /* CountriesResponse.swift */,
			);
			path = Responses;
			sourceTree = "<group>";
		};
		762802D921C2634800918F5D /* DTOs */ = {
			isa = PBXGroup;
			children = (
				762802DC21C265BD00918F5D /* Currency.swift */,
				768204C321CBBF3A007FDE58 /* Country.swift */,
				7667FB1221D2B50F005F5815 /* Rate.swift */,
			);
			path = DTOs;
			sourceTree = "<group>";
		};
		7656AC5B21C24BFA00A93A50 = {
			isa = PBXGroup;
			children = (
				7656AC6621C24BFA00A93A50 /* CurrencyConverter */,
				7656AC7E21C24BFB00A93A50 /* CurrencyConverterTests */,
				7656AC8921C24BFB00A93A50 /* CurrencyConverterUITests */,
				7656AC6521C24BFA00A93A50 /* Products */,
				4CC360C5D58E91A9BE253010 /* Pods */,
				E333A838A97EF1A149AE40E4 /* Frameworks */,
			);
			sourceTree = "<group>";
		};
		7656AC6521C24BFA00A93A50 /* Products */ = {
			isa = PBXGroup;
			children = (
				7656AC6421C24BFA00A93A50 /* CurrencyConverter.app */,
				7656AC7B21C24BFB00A93A50 /* CurrencyConverterTests.xctest */,
				7656AC8621C24BFB00A93A50 /* CurrencyConverterUITests.xctest */,
			);
			name = Products;
			sourceTree = "<group>";
		};
		7656AC6621C24BFA00A93A50 /* CurrencyConverter */ = {
			isa = PBXGroup;
			children = (
				76EA5D9921C6D9E300D14A38 /* Helpers */,
				762802C121C2526800918F5D /* App */,
				762802CE21C2586500918F5D /* API */,
				762802C921C2529500918F5D /* Scenes */,
				762802CC21C257CF00918F5D /* Resources */,
				762802CD21C257D800918F5D /* Supporting Files */,
			);
			path = CurrencyConverter;
			sourceTree = "<group>";
		};
		7656AC7E21C24BFB00A93A50 /* CurrencyConverterTests */ = {
			isa = PBXGroup;
			children = (
				7656AC7F21C24BFB00A93A50 /* CurrencyConverterTests.swift */,
				768204C921CBC330007FDE58 /* CountryListTests.swift */,
				7656AC8121C24BFB00A93A50 /* Info.plist */,
			);
			path = CurrencyConverterTests;
			sourceTree = "<group>";
		};
		7656AC8921C24BFB00A93A50 /* CurrencyConverterUITests */ = {
			isa = PBXGroup;
			children = (
				7656AC8A21C24BFB00A93A50 /* CurrencyConverterUITests.swift */,
				7656AC8C21C24BFB00A93A50 /* Info.plist */,
			);
			path = CurrencyConverterUITests;
			sourceTree = "<group>";
		};
		7667FB1421D2B5F6005F5815 /* Views */ = {
			isa = PBXGroup;
			children = (
				76A9BE9D21D1573900EDE271 /* CurrencyListCell.swift */,
				76A9BE9F21D158C900EDE271 /* CurrencyListHeaderView.swift */,
			);
			path = Views;
			sourceTree = "<group>";
		};
		76D9CE4A21C4295700592523 /* Presentations */ = {
			isa = PBXGroup;
			children = (
				76D9CE4B21C42E2200592523 /* ConverterPresentation.swift */,
				76C8958321CB93B500D581E7 /* CurrencyListPresentation.swift */,
			);
			path = Presentations;
			sourceTree = "<group>";
		};
		76D9CE4D21C4451700592523 /* CurrencyList */ = {
			isa = PBXGroup;
			children = (
				7667FB1421D2B5F6005F5815 /* Views */,
				76D9CE5021C4453800592523 /* CurrencyListBuilder.swift */,
				76D9CE4E21C4452A00592523 /* CurrencyListViewController.swift */,
				76D9CE5221C4454200592523 /* CurrencyListViewModel.swift */,
				76D9CE5621C4456A00592523 /* CurrencyListContracts.swift */,
				76D9CE5421C4455400592523 /* CurrencyList.storyboard */,
			);
			path = CurrencyList;
			sourceTree = "<group>";
		};
		76EA5D9921C6D9E300D14A38 /* Helpers */ = {
			isa = PBXGroup;
			children = (
				768204C721CBC179007FDE58 /* ResourceLoader.swift */,
				76EA5D9A21C6D9F000D14A38 /* UIColor+Extension.swift */,
				76B7378721D13F1600C61107 /* UINavigationBar+Extension.swift */,
				76A9BEA121D1647A00EDE271 /* UIViewController+Extension.swift */,
			);
			path = Helpers;
			sourceTree = "<group>";
		};
		E333A838A97EF1A149AE40E4 /* Frameworks */ = {
			isa = PBXGroup;
			children = (
				7AE77FF29DCF6D5E86DE933E /* Pods_CurrencyConverter.framework */,
				ED40151F55776EC1D1B64B2F /* Pods_CurrencyConverterTests.framework */,
				7E935929570821CD73D98DEE /* Pods_CurrencyConverterUITests.framework */,
			);
			name = Frameworks;
			sourceTree = "<group>";
		};
/* End PBXGroup section */

/* Begin PBXNativeTarget section */
		7656AC6321C24BFA00A93A50 /* CurrencyConverter */ = {
			isa = PBXNativeTarget;
			buildConfigurationList = 7656AC8F21C24BFB00A93A50 /* Build configuration list for PBXNativeTarget "CurrencyConverter" */;
			buildPhases = (
				0AF371C3DD26AE5E85C7D412 /* [CP] Check Pods Manifest.lock */,
				7656AC6021C24BFA00A93A50 /* Sources */,
				7656AC6121C24BFA00A93A50 /* Frameworks */,
				7656AC6221C24BFA00A93A50 /* Resources */,
				8E38368B00501E0A7DD5074C /* [CP] Embed Pods Frameworks */,
			);
			buildRules = (
			);
			dependencies = (
			);
			name = CurrencyConverter;
			productName = CurrencyConverter;
			productReference = 7656AC6421C24BFA00A93A50 /* CurrencyConverter.app */;
			productType = "com.apple.product-type.application";
		};
		7656AC7A21C24BFB00A93A50 /* CurrencyConverterTests */ = {
			isa = PBXNativeTarget;
			buildConfigurationList = 7656AC9221C24BFB00A93A50 /* Build configuration list for PBXNativeTarget "CurrencyConverterTests" */;
			buildPhases = (
				81D9EDC27DB4B7A1A283A235 /* [CP] Check Pods Manifest.lock */,
				7656AC7721C24BFB00A93A50 /* Sources */,
				7656AC7821C24BFB00A93A50 /* Frameworks */,
				7656AC7921C24BFB00A93A50 /* Resources */,
			);
			buildRules = (
			);
			dependencies = (
				7656AC7D21C24BFB00A93A50 /* PBXTargetDependency */,
			);
			name = CurrencyConverterTests;
			productName = CurrencyConverterTests;
			productReference = 7656AC7B21C24BFB00A93A50 /* CurrencyConverterTests.xctest */;
			productType = "com.apple.product-type.bundle.unit-test";
		};
		7656AC8521C24BFB00A93A50 /* CurrencyConverterUITests */ = {
			isa = PBXNativeTarget;
			buildConfigurationList = 7656AC9521C24BFB00A93A50 /* Build configuration list for PBXNativeTarget "CurrencyConverterUITests" */;
			buildPhases = (
				B9D7AE4D948B73BDFEFF6937 /* [CP] Check Pods Manifest.lock */,
				7656AC8221C24BFB00A93A50 /* Sources */,
				7656AC8321C24BFB00A93A50 /* Frameworks */,
				7656AC8421C24BFB00A93A50 /* Resources */,
			);
			buildRules = (
			);
			dependencies = (
				7656AC8821C24BFB00A93A50 /* PBXTargetDependency */,
			);
			name = CurrencyConverterUITests;
			productName = CurrencyConverterUITests;
			productReference = 7656AC8621C24BFB00A93A50 /* CurrencyConverterUITests.xctest */;
			productType = "com.apple.product-type.bundle.ui-testing";
		};
/* End PBXNativeTarget section */

/* Begin PBXProject section */
		7656AC5C21C24BFA00A93A50 /* Project object */ = {
			isa = PBXProject;
			attributes = {
				LastSwiftUpdateCheck = 1010;
				LastUpgradeCheck = 1010;
				ORGANIZATIONNAME = "Gokhan Gultekin";
				TargetAttributes = {
					7656AC6321C24BFA00A93A50 = {
						CreatedOnToolsVersion = 10.1;
					};
					7656AC7A21C24BFB00A93A50 = {
						CreatedOnToolsVersion = 10.1;
						TestTargetID = 7656AC6321C24BFA00A93A50;
					};
					7656AC8521C24BFB00A93A50 = {
						CreatedOnToolsVersion = 10.1;
						TestTargetID = 7656AC6321C24BFA00A93A50;
					};
				};
			};
			buildConfigurationList = 7656AC5F21C24BFA00A93A50 /* Build configuration list for PBXProject "CurrencyConverter" */;
			compatibilityVersion = "Xcode 9.3";
			developmentRegion = en;
			hasScannedForEncodings = 0;
			knownRegions = (
				en,
				Base,
			);
			mainGroup = 7656AC5B21C24BFA00A93A50;
			productRefGroup = 7656AC6521C24BFA00A93A50 /* Products */;
			projectDirPath = "";
			projectRoot = "";
			targets = (
				7656AC6321C24BFA00A93A50 /* CurrencyConverter */,
				7656AC7A21C24BFB00A93A50 /* CurrencyConverterTests */,
				7656AC8521C24BFB00A93A50 /* CurrencyConverterUITests */,
			);
		};
/* End PBXProject section */

/* Begin PBXResourcesBuildPhase section */
		7656AC6221C24BFA00A93A50 /* Resources */ = {
			isa = PBXResourcesBuildPhase;
			buildActionMask = 2147483647;
			files = (
				7656AC7521C24BFB00A93A50 /* LaunchScreen.storyboard in Resources */,
				76D9CE5521C4455400592523 /* CurrencyList.storyboard in Resources */,
				762802BE21C24F4600918F5D /* Converter.storyboard in Resources */,
				768204BE21CBBE07007FDE58 /* countries.json in Resources */,
				7656AC7221C24BFB00A93A50 /* Assets.xcassets in Resources */,
			);
			runOnlyForDeploymentPostprocessing = 0;
		};
		7656AC7921C24BFB00A93A50 /* Resources */ = {
			isa = PBXResourcesBuildPhase;
			buildActionMask = 2147483647;
			files = (
			);
			runOnlyForDeploymentPostprocessing = 0;
		};
		7656AC8421C24BFB00A93A50 /* Resources */ = {
			isa = PBXResourcesBuildPhase;
			buildActionMask = 2147483647;
			files = (
			);
			runOnlyForDeploymentPostprocessing = 0;
		};
/* End PBXResourcesBuildPhase section */

/* Begin PBXShellScriptBuildPhase section */
		0AF371C3DD26AE5E85C7D412 /* [CP] Check Pods Manifest.lock */ = {
			isa = PBXShellScriptBuildPhase;
			buildActionMask = 2147483647;
			files = (
			);
			inputPaths = (
				"${PODS_PODFILE_DIR_PATH}/Podfile.lock",
				"${PODS_ROOT}/Manifest.lock",
			);
			name = "[CP] Check Pods Manifest.lock";
			outputPaths = (
				"$(DERIVED_FILE_DIR)/Pods-CurrencyConverter-checkManifestLockResult.txt",
			);
			runOnlyForDeploymentPostprocessing = 0;
			shellPath = /bin/sh;
			shellScript = "diff \"${PODS_PODFILE_DIR_PATH}/Podfile.lock\" \"${PODS_ROOT}/Manifest.lock\" > /dev/null\nif [ $? != 0 ] ; then\n    # print error to STDERR\n    echo \"error: The sandbox is not in sync with the Podfile.lock. Run 'pod install' or update your CocoaPods installation.\" >&2\n    exit 1\nfi\n# This output is used by Xcode 'outputs' to avoid re-running this script phase.\necho \"SUCCESS\" > \"${SCRIPT_OUTPUT_FILE_0}\"\n";
			showEnvVarsInLog = 0;
		};
		81D9EDC27DB4B7A1A283A235 /* [CP] Check Pods Manifest.lock */ = {
			isa = PBXShellScriptBuildPhase;
			buildActionMask = 2147483647;
			files = (
			);
			inputPaths = (
				"${PODS_PODFILE_DIR_PATH}/Podfile.lock",
				"${PODS_ROOT}/Manifest.lock",
			);
			name = "[CP] Check Pods Manifest.lock";
			outputPaths = (
				"$(DERIVED_FILE_DIR)/Pods-CurrencyConverterTests-checkManifestLockResult.txt",
			);
			runOnlyForDeploymentPostprocessing = 0;
			shellPath = /bin/sh;
			shellScript = "diff \"${PODS_PODFILE_DIR_PATH}/Podfile.lock\" \"${PODS_ROOT}/Manifest.lock\" > /dev/null\nif [ $? != 0 ] ; then\n    # print error to STDERR\n    echo \"error: The sandbox is not in sync with the Podfile.lock. Run 'pod install' or update your CocoaPods installation.\" >&2\n    exit 1\nfi\n# This output is used by Xcode 'outputs' to avoid re-running this script phase.\necho \"SUCCESS\" > \"${SCRIPT_OUTPUT_FILE_0}\"\n";
			showEnvVarsInLog = 0;
		};
		8E38368B00501E0A7DD5074C /* [CP] Embed Pods Frameworks */ = {
			isa = PBXShellScriptBuildPhase;
			buildActionMask = 2147483647;
			files = (
			);
			inputPaths = (
				"${SRCROOT}/Pods/Target Support Files/Pods-CurrencyConverter/Pods-CurrencyConverter-frameworks.sh",
				"${BUILT_PRODUCTS_DIR}/Alamofire/Alamofire.framework",
			);
			name = "[CP] Embed Pods Frameworks";
			outputPaths = (
				"${TARGET_BUILD_DIR}/${FRAMEWORKS_FOLDER_PATH}/Alamofire.framework",
			);
			runOnlyForDeploymentPostprocessing = 0;
			shellPath = /bin/sh;
			shellScript = "\"${SRCROOT}/Pods/Target Support Files/Pods-CurrencyConverter/Pods-CurrencyConverter-frameworks.sh\"\n";
			showEnvVarsInLog = 0;
		};
		B9D7AE4D948B73BDFEFF6937 /* [CP] Check Pods Manifest.lock */ = {
			isa = PBXShellScriptBuildPhase;
			buildActionMask = 2147483647;
			files = (
			);
			inputPaths = (
				"${PODS_PODFILE_DIR_PATH}/Podfile.lock",
				"${PODS_ROOT}/Manifest.lock",
			);
			name = "[CP] Check Pods Manifest.lock";
			outputPaths = (
				"$(DERIVED_FILE_DIR)/Pods-CurrencyConverterUITests-checkManifestLockResult.txt",
			);
			runOnlyForDeploymentPostprocessing = 0;
			shellPath = /bin/sh;
			shellScript = "diff \"${PODS_PODFILE_DIR_PATH}/Podfile.lock\" \"${PODS_ROOT}/Manifest.lock\" > /dev/null\nif [ $? != 0 ] ; then\n    # print error to STDERR\n    echo \"error: The sandbox is not in sync with the Podfile.lock. Run 'pod install' or update your CocoaPods installation.\" >&2\n    exit 1\nfi\n# This output is used by Xcode 'outputs' to avoid re-running this script phase.\necho \"SUCCESS\" > \"${SCRIPT_OUTPUT_FILE_0}\"\n";
			showEnvVarsInLog = 0;
		};
/* End PBXShellScriptBuildPhase section */

/* Begin PBXSourcesBuildPhase section */
		7656AC6021C24BFA00A93A50 /* Sources */ = {
			isa = PBXSourcesBuildPhase;
			buildActionMask = 2147483647;
			files = (
				7667FB1121D2AE6C005F5815 /* CoreDataHelper.swift in Sources */,
				76D9CE4921C4284F00592523 /* ConverterContracts.swift in Sources */,
				762802DD21C265BD00918F5D /* Currency.swift in Sources */,
				7667FB1321D2B50F005F5815 /* Rate.swift in Sources */,
				768204C821CBC179007FDE58 /* ResourceLoader.swift in Sources */,
				76D9CE4F21C4452A00592523 /* CurrencyListViewController.swift in Sources */,
				76D9CE4721C4280E00592523 /* ConverterViewModel.swift in Sources */,
				7656AC6821C24BFA00A93A50 /* AppDelegate.swift in Sources */,
				762802C321C2527200918F5D /* AppContainer.swift in Sources */,
				76D9CE4C21C42E2200592523 /* ConverterPresentation.swift in Sources */,
				76D9CE5321C4454200592523 /* CurrencyListViewModel.swift in Sources */,
				762802DB21C2636000918F5D /* LatestRatesResponse.swift in Sources */,
				768204C421CBBF3A007FDE58 /* Country.swift in Sources */,
				768204C221CBBEC7007FDE58 /* CountriesResponse.swift in Sources */,
				7656AC7021C24BFA00A93A50 /* CurrencyConverter.xcdatamodeld in Sources */,
				76A9BE9E21D1573900EDE271 /* CurrencyListCell.swift in Sources */,
				76A9BEA021D158C900EDE271 /* CurrencyListHeaderView.swift in Sources */,
				76B7378821D13F1600C61107 /* UINavigationBar+Extension.swift in Sources */,
				76D9CE5121C4453800592523 /* CurrencyListBuilder.swift in Sources */,
				762802D221C25B7F00918F5D /* LatestRatesService.swift in Sources */,
				76C8958421CB93B500D581E7 /* CurrencyListPresentation.swift in Sources */,
				762802D021C258CC00918F5D /* Credentials.swift in Sources */,
				76D9CE5721C4456A00592523 /* CurrencyListContracts.swift in Sources */,
				762802C521C2527C00918F5D /* AppRouter.swift in Sources */,
				762802D721C25C1F00918F5D /* Result.swift in Sources */,
				762802C721C2528700918F5D /* ConverterBuilder.swift in Sources */,
				762802D521C25BAB00918F5D /* RequestHelper.swift in Sources */,
				762802C021C24F5400918F5D /* ConverterViewController.swift in Sources */,
				768204C621CBC063007FDE58 /* CountriesService.swift in Sources */,
				76EA5D9B21C6D9F000D14A38 /* UIColor+Extension.swift in Sources */,
				76A9BEA221D1647A00EDE271 /* UIViewController+Extension.swift in Sources */,
			);
			runOnlyForDeploymentPostprocessing = 0;
		};
		7656AC7721C24BFB00A93A50 /* Sources */ = {
			isa = PBXSourcesBuildPhase;
			buildActionMask = 2147483647;
			files = (
				768204CA21CBC330007FDE58 /* CountryListTests.swift in Sources */,
				76B7378921D1417E00C61107 /* CurrencyListViewController.swift in Sources */,
				7656AC8021C24BFB00A93A50 /* CurrencyConverterTests.swift in Sources */,
			);
			runOnlyForDeploymentPostprocessing = 0;
		};
		7656AC8221C24BFB00A93A50 /* Sources */ = {
			isa = PBXSourcesBuildPhase;
			buildActionMask = 2147483647;
			files = (
				7656AC8B21C24BFB00A93A50 /* CurrencyConverterUITests.swift in Sources */,
			);
			runOnlyForDeploymentPostprocessing = 0;
		};
/* End PBXSourcesBuildPhase section */

/* Begin PBXTargetDependency section */
		7656AC7D21C24BFB00A93A50 /* PBXTargetDependency */ = {
			isa = PBXTargetDependency;
			target = 7656AC6321C24BFA00A93A50 /* CurrencyConverter */;
			targetProxy = 7656AC7C21C24BFB00A93A50 /* PBXContainerItemProxy */;
		};
		7656AC8821C24BFB00A93A50 /* PBXTargetDependency */ = {
			isa = PBXTargetDependency;
			target = 7656AC6321C24BFA00A93A50 /* CurrencyConverter */;
			targetProxy = 7656AC8721C24BFB00A93A50 /* PBXContainerItemProxy */;
		};
/* End PBXTargetDependency section */

/* Begin PBXVariantGroup section */
		7656AC7321C24BFB00A93A50 /* LaunchScreen.storyboard */ = {
			isa = PBXVariantGroup;
			children = (
				7656AC7421C24BFB00A93A50 /* Base */,
			);
			name = LaunchScreen.storyboard;
			sourceTree = "<group>";
		};
/* End PBXVariantGroup section */

/* Begin XCBuildConfiguration section */
		7656AC8D21C24BFB00A93A50 /* Debug */ = {
			isa = XCBuildConfiguration;
			buildSettings = {
				ALWAYS_SEARCH_USER_PATHS = NO;
				CLANG_ANALYZER_NONNULL = YES;
				CLANG_ANALYZER_NUMBER_OBJECT_CONVERSION = YES_AGGRESSIVE;
				CLANG_CXX_LANGUAGE_STANDARD = "gnu++14";
				CLANG_CXX_LIBRARY = "libc++";
				CLANG_ENABLE_MODULES = YES;
				CLANG_ENABLE_OBJC_ARC = YES;
				CLANG_ENABLE_OBJC_WEAK = YES;
				CLANG_WARN_BLOCK_CAPTURE_AUTORELEASING = YES;
				CLANG_WARN_BOOL_CONVERSION = YES;
				CLANG_WARN_COMMA = YES;
				CLANG_WARN_CONSTANT_CONVERSION = YES;
				CLANG_WARN_DEPRECATED_OBJC_IMPLEMENTATIONS = YES;
				CLANG_WARN_DIRECT_OBJC_ISA_USAGE = YES_ERROR;
				CLANG_WARN_DOCUMENTATION_COMMENTS = YES;
				CLANG_WARN_EMPTY_BODY = YES;
				CLANG_WARN_ENUM_CONVERSION = YES;
				CLANG_WARN_INFINITE_RECURSION = YES;
				CLANG_WARN_INT_CONVERSION = YES;
				CLANG_WARN_NON_LITERAL_NULL_CONVERSION = YES;
				CLANG_WARN_OBJC_IMPLICIT_RETAIN_SELF = YES;
				CLANG_WARN_OBJC_LITERAL_CONVERSION = YES;
				CLANG_WARN_OBJC_ROOT_CLASS = YES_ERROR;
				CLANG_WARN_RANGE_LOOP_ANALYSIS = YES;
				CLANG_WARN_STRICT_PROTOTYPES = YES;
				CLANG_WARN_SUSPICIOUS_MOVE = YES;
				CLANG_WARN_UNGUARDED_AVAILABILITY = YES_AGGRESSIVE;
				CLANG_WARN_UNREACHABLE_CODE = YES;
				CLANG_WARN__DUPLICATE_METHOD_MATCH = YES;
				CODE_SIGN_IDENTITY = "iPhone Developer";
				COPY_PHASE_STRIP = NO;
				DEBUG_INFORMATION_FORMAT = dwarf;
				ENABLE_STRICT_OBJC_MSGSEND = YES;
				ENABLE_TESTABILITY = YES;
				GCC_C_LANGUAGE_STANDARD = gnu11;
				GCC_DYNAMIC_NO_PIC = NO;
				GCC_NO_COMMON_BLOCKS = YES;
				GCC_OPTIMIZATION_LEVEL = 0;
				GCC_PREPROCESSOR_DEFINITIONS = (
					"DEBUG=1",
					"$(inherited)",
				);
				GCC_WARN_64_TO_32_BIT_CONVERSION = YES;
				GCC_WARN_ABOUT_RETURN_TYPE = YES_ERROR;
				GCC_WARN_UNDECLARED_SELECTOR = YES;
				GCC_WARN_UNINITIALIZED_AUTOS = YES_AGGRESSIVE;
				GCC_WARN_UNUSED_FUNCTION = YES;
				GCC_WARN_UNUSED_VARIABLE = YES;
				IPHONEOS_DEPLOYMENT_TARGET = 12.1;
				MTL_ENABLE_DEBUG_INFO = INCLUDE_SOURCE;
				MTL_FAST_MATH = YES;
				ONLY_ACTIVE_ARCH = YES;
				SDKROOT = iphoneos;
				SWIFT_ACTIVE_COMPILATION_CONDITIONS = DEBUG;
				SWIFT_OPTIMIZATION_LEVEL = "-Onone";
			};
			name = Debug;
		};
		7656AC8E21C24BFB00A93A50 /* Release */ = {
			isa = XCBuildConfiguration;
			buildSettings = {
				ALWAYS_SEARCH_USER_PATHS = NO;
				CLANG_ANALYZER_NONNULL = YES;
				CLANG_ANALYZER_NUMBER_OBJECT_CONVERSION = YES_AGGRESSIVE;
				CLANG_CXX_LANGUAGE_STANDARD = "gnu++14";
				CLANG_CXX_LIBRARY = "libc++";
				CLANG_ENABLE_MODULES = YES;
				CLANG_ENABLE_OBJC_ARC = YES;
				CLANG_ENABLE_OBJC_WEAK = YES;
				CLANG_WARN_BLOCK_CAPTURE_AUTORELEASING = YES;
				CLANG_WARN_BOOL_CONVERSION = YES;
				CLANG_WARN_COMMA = YES;
				CLANG_WARN_CONSTANT_CONVERSION = YES;
				CLANG_WARN_DEPRECATED_OBJC_IMPLEMENTATIONS = YES;
				CLANG_WARN_DIRECT_OBJC_ISA_USAGE = YES_ERROR;
				CLANG_WARN_DOCUMENTATION_COMMENTS = YES;
				CLANG_WARN_EMPTY_BODY = YES;
				CLANG_WARN_ENUM_CONVERSION = YES;
				CLANG_WARN_INFINITE_RECURSION = YES;
				CLANG_WARN_INT_CONVERSION = YES;
				CLANG_WARN_NON_LITERAL_NULL_CONVERSION = YES;
				CLANG_WARN_OBJC_IMPLICIT_RETAIN_SELF = YES;
				CLANG_WARN_OBJC_LITERAL_CONVERSION = YES;
				CLANG_WARN_OBJC_ROOT_CLASS = YES_ERROR;
				CLANG_WARN_RANGE_LOOP_ANALYSIS = YES;
				CLANG_WARN_STRICT_PROTOTYPES = YES;
				CLANG_WARN_SUSPICIOUS_MOVE = YES;
				CLANG_WARN_UNGUARDED_AVAILABILITY = YES_AGGRESSIVE;
				CLANG_WARN_UNREACHABLE_CODE = YES;
				CLANG_WARN__DUPLICATE_METHOD_MATCH = YES;
				CODE_SIGN_IDENTITY = "iPhone Developer";
				COPY_PHASE_STRIP = NO;
				DEBUG_INFORMATION_FORMAT = "dwarf-with-dsym";
				ENABLE_NS_ASSERTIONS = NO;
				ENABLE_STRICT_OBJC_MSGSEND = YES;
				GCC_C_LANGUAGE_STANDARD = gnu11;
				GCC_NO_COMMON_BLOCKS = YES;
				GCC_WARN_64_TO_32_BIT_CONVERSION = YES;
				GCC_WARN_ABOUT_RETURN_TYPE = YES_ERROR;
				GCC_WARN_UNDECLARED_SELECTOR = YES;
				GCC_WARN_UNINITIALIZED_AUTOS = YES_AGGRESSIVE;
				GCC_WARN_UNUSED_FUNCTION = YES;
				GCC_WARN_UNUSED_VARIABLE = YES;
				IPHONEOS_DEPLOYMENT_TARGET = 12.1;
				MTL_ENABLE_DEBUG_INFO = NO;
				MTL_FAST_MATH = YES;
				SDKROOT = iphoneos;
				SWIFT_COMPILATION_MODE = wholemodule;
				SWIFT_OPTIMIZATION_LEVEL = "-O";
				VALIDATE_PRODUCT = YES;
			};
			name = Release;
		};
		7656AC9021C24BFB00A93A50 /* Debug */ = {
			isa = XCBuildConfiguration;
			baseConfigurationReference = 07C708933B654D4F91D7E781 /* Pods-CurrencyConverter.debug.xcconfig */;
			buildSettings = {
				ASSETCATALOG_COMPILER_APPICON_NAME = AppIcon;
				CODE_SIGN_STYLE = Automatic;
				DEVELOPMENT_TEAM = QSY84C533D;
				INFOPLIST_FILE = "CurrencyConverter/Supporting Files/Info.plist";
				LD_RUNPATH_SEARCH_PATHS = (
					"$(inherited)",
					"@executable_path/Frameworks",
				);
				PRODUCT_BUNDLE_IDENTIFIER = com.gokhan.tumm;
				PRODUCT_NAME = "$(TARGET_NAME)";
				SWIFT_VERSION = 4.2;
				TARGETED_DEVICE_FAMILY = "1,2";
			};
			name = Debug;
		};
		7656AC9121C24BFB00A93A50 /* Release */ = {
			isa = XCBuildConfiguration;
			baseConfigurationReference = AB7E048D1D3C39DE774AD327 /* Pods-CurrencyConverter.release.xcconfig */;
			buildSettings = {
				ASSETCATALOG_COMPILER_APPICON_NAME = AppIcon;
				CODE_SIGN_STYLE = Automatic;
				DEVELOPMENT_TEAM = QSY84C533D;
				INFOPLIST_FILE = "CurrencyConverter/Supporting Files/Info.plist";
				LD_RUNPATH_SEARCH_PATHS = (
					"$(inherited)",
					"@executable_path/Frameworks",
				);
				PRODUCT_BUNDLE_IDENTIFIER = com.gokhan.tumm;
				PRODUCT_NAME = "$(TARGET_NAME)";
				SWIFT_VERSION = 4.2;
				TARGETED_DEVICE_FAMILY = "1,2";
			};
			name = Release;
		};
		7656AC9321C24BFB00A93A50 /* Debug */ = {
			isa = XCBuildConfiguration;
			baseConfigurationReference = A6F520DC85D9030DB33B220F /* Pods-CurrencyConverterTests.debug.xcconfig */;
			buildSettings = {
				ALWAYS_EMBED_SWIFT_STANDARD_LIBRARIES = YES;
				BUNDLE_LOADER = "$(TEST_HOST)";
				CODE_SIGN_STYLE = Automatic;
				DEVELOPMENT_TEAM = QSY84C533D;
				INFOPLIST_FILE = CurrencyConverterTests/Info.plist;
				LD_RUNPATH_SEARCH_PATHS = (
					"$(inherited)",
					"@executable_path/Frameworks",
					"@loader_path/Frameworks",
				);
				PRODUCT_BUNDLE_IDENTIFIER = com.gokhan.CurrencyConverterTests;
				PRODUCT_NAME = "$(TARGET_NAME)";
				SWIFT_VERSION = 4.2;
				TARGETED_DEVICE_FAMILY = "1,2";
				TEST_HOST = "$(BUILT_PRODUCTS_DIR)/CurrencyConverter.app/CurrencyConverter";
			};
			name = Debug;
		};
		7656AC9421C24BFB00A93A50 /* Release */ = {
			isa = XCBuildConfiguration;
			baseConfigurationReference = 566AA8FAB1D1FC16EA27725F /* Pods-CurrencyConverterTests.release.xcconfig */;
			buildSettings = {
				ALWAYS_EMBED_SWIFT_STANDARD_LIBRARIES = YES;
				BUNDLE_LOADER = "$(TEST_HOST)";
				CODE_SIGN_STYLE = Automatic;
				DEVELOPMENT_TEAM = QSY84C533D;
				INFOPLIST_FILE = CurrencyConverterTests/Info.plist;
				LD_RUNPATH_SEARCH_PATHS = (
					"$(inherited)",
					"@executable_path/Frameworks",
					"@loader_path/Frameworks",
				);
				PRODUCT_BUNDLE_IDENTIFIER = com.gokhan.CurrencyConverterTests;
				PRODUCT_NAME = "$(TARGET_NAME)";
				SWIFT_VERSION = 4.2;
				TARGETED_DEVICE_FAMILY = "1,2";
				TEST_HOST = "$(BUILT_PRODUCTS_DIR)/CurrencyConverter.app/CurrencyConverter";
			};
			name = Release;
		};
		7656AC9621C24BFB00A93A50 /* Debug */ = {
			isa = XCBuildConfiguration;
			baseConfigurationReference = 4EA3C669F9EE9F860125E84B /* Pods-CurrencyConverterUITests.debug.xcconfig */;
			buildSettings = {
				ALWAYS_EMBED_SWIFT_STANDARD_LIBRARIES = YES;
				CODE_SIGN_STYLE = Automatic;
				DEVELOPMENT_TEAM = QSY84C533D;
				INFOPLIST_FILE = CurrencyConverterUITests/Info.plist;
				LD_RUNPATH_SEARCH_PATHS = (
					"$(inherited)",
					"@executable_path/Frameworks",
					"@loader_path/Frameworks",
				);
				PRODUCT_BUNDLE_IDENTIFIER = com.gokhan.CurrencyConverterUITests;
				PRODUCT_NAME = "$(TARGET_NAME)";
				SWIFT_VERSION = 4.2;
				TARGETED_DEVICE_FAMILY = "1,2";
				TEST_TARGET_NAME = CurrencyConverter;
			};
			name = Debug;
		};
		7656AC9721C24BFB00A93A50 /* Release */ = {
			isa = XCBuildConfiguration;
			baseConfigurationReference = FC3179144FF6DC678E43D184 /* Pods-CurrencyConverterUITests.release.xcconfig */;
			buildSettings = {
				ALWAYS_EMBED_SWIFT_STANDARD_LIBRARIES = YES;
				CODE_SIGN_STYLE = Automatic;
				DEVELOPMENT_TEAM = QSY84C533D;
				INFOPLIST_FILE = CurrencyConverterUITests/Info.plist;
				LD_RUNPATH_SEARCH_PATHS = (
					"$(inherited)",
					"@executable_path/Frameworks",
					"@loader_path/Frameworks",
				);
				PRODUCT_BUNDLE_IDENTIFIER = com.gokhan.CurrencyConverterUITests;
				PRODUCT_NAME = "$(TARGET_NAME)";
				SWIFT_VERSION = 4.2;
				TARGETED_DEVICE_FAMILY = "1,2";
				TEST_TARGET_NAME = CurrencyConverter;
			};
			name = Release;
		};
/* End XCBuildConfiguration section */

/* Begin XCConfigurationList section */
		7656AC5F21C24BFA00A93A50 /* Build configuration list for PBXProject "CurrencyConverter" */ = {
			isa = XCConfigurationList;
			buildConfigurations = (
				7656AC8D21C24BFB00A93A50 /* Debug */,
				7656AC8E21C24BFB00A93A50 /* Release */,
			);
			defaultConfigurationIsVisible = 0;
			defaultConfigurationName = Release;
		};
		7656AC8F21C24BFB00A93A50 /* Build configuration list for PBXNativeTarget "CurrencyConverter" */ = {
			isa = XCConfigurationList;
			buildConfigurations = (
				7656AC9021C24BFB00A93A50 /* Debug */,
				7656AC9121C24BFB00A93A50 /* Release */,
			);
			defaultConfigurationIsVisible = 0;
			defaultConfigurationName = Release;
		};
		7656AC9221C24BFB00A93A50 /* Build configuration list for PBXNativeTarget "CurrencyConverterTests" */ = {
			isa = XCConfigurationList;
			buildConfigurations = (
				7656AC9321C24BFB00A93A50 /* Debug */,
				7656AC9421C24BFB00A93A50 /* Release */,
			);
			defaultConfigurationIsVisible = 0;
			defaultConfigurationName = Release;
		};
		7656AC9521C24BFB00A93A50 /* Build configuration list for PBXNativeTarget "CurrencyConverterUITests" */ = {
			isa = XCConfigurationList;
			buildConfigurations = (
				7656AC9621C24BFB00A93A50 /* Debug */,
				7656AC9721C24BFB00A93A50 /* Release */,
			);
			defaultConfigurationIsVisible = 0;
			defaultConfigurationName = Release;
		};
/* End XCConfigurationList section */

/* Begin XCVersionGroup section */
		7656AC6E21C24BFA00A93A50 /* CurrencyConverter.xcdatamodeld */ = {
			isa = XCVersionGroup;
			children = (
				7656AC6F21C24BFA00A93A50 /* CurrencyConverter.xcdatamodel */,
			);
			currentVersion = 7656AC6F21C24BFA00A93A50 /* CurrencyConverter.xcdatamodel */;
			path = CurrencyConverter.xcdatamodeld;
			sourceTree = "<group>";
			versionGroupType = wrapper.xcdatamodel;
		};
/* End XCVersionGroup section */
	};
	rootObject = 7656AC5C21C24BFA00A93A50 /* Project object */;
}
